
Microsoft Visual Studio Solution File, Format Version 12.00
# Visual Studio Version 16
VisualStudioVersion = 16.0.30621.155
MinimumVisualStudioVersion = 10.0.40219.1
Project("{888888A0-9F3D-457C-B088-3A5042F75D52}") = "PythonExperimentV1", "PythonExperimentV1\PythonExperimentV1.pyproj", "{EB5F4851-EAD8-4881-BE10-5DEAAA4C3A96}"
EndProject
Global
	GlobalSection(SolutionConfigurationPlatforms) = preSolution
		Debug|Any CPU = Debug|Any CPU
		Release|Any CPU = Release|Any CPU
	EndGlobalSection
	GlobalSection(ProjectConfigurationPlatforms) = postSolution
		{EB5F4851-EAD8-4881-BE10-5DEAAA4C3A96}.Debug|Any CPU.ActiveCfg = Debug|Any CPU
		{EB5F4851-EAD8-4881-BE10-5DEAAA4C3A96}.Release|Any CPU.ActiveCfg = Release|Any CPU
	EndGlobalSection
	GlobalSection(SolutionProperties) = preSolution
		HideSolutionNode = FALSE
	EndGlobalSection
	GlobalSection(ExtensibilityGlobals) = postSolution
		SolutionGuid = {EABEB08C-6D36-400C-9492-C9D50BA3262A}
	EndGlobalSection
EndGlobal
